<?xml version="1.0" encoding="utf-8"?>
<Project ToolsVersion="4.0" xmlns="http://schemas.microsoft.com/developer/msbuild/2003">
  <ItemGroup>
    <Filter Include="Docs">
      <UniqueIdentifier>{AE3E847C-9A75-850D-4362-6B102F78010F}</UniqueIdentifier>
    </Filter>
    <Filter Include="OpenGL">
      <UniqueIdentifier>{8A864AC8-7628-759E-5FE3-88F24B24FCEE}</UniqueIdentifier>
    </Filter>
    <Filter Include="OpenGL\Header Files">
      <UniqueIdentifier>{153CA4C9-819D-81D7-0A0B-C889766BB896}</UniqueIdentifier>
    </Filter>
    <Filter Include="OpenGL\Shader Files">
      <UniqueIdentifier>{035F2F74-6FC0-0C82-F82D-5334648E4341}</UniqueIdentifier>
    </Filter>
    <Filter Include="OpenGL\Source Files">
      <UniqueIdentifier>{DD182108-497A-FE15-D2E7-44C83E4835D5}</UniqueIdentifier>
    </Filter>
  </ItemGroup>
  <ItemGroup>
    <ClInclude Include="..\OpenGL\Header Files\Input.h">
      <Filter>OpenGL\Header Files</Filter>
    </ClInclude>
    <ClInclude Include="..\OpenGL\Header Files\Objects.h">
      <Filter>OpenGL\Header Files</Filter>
    </ClInclude>
    <ClInclude Include="..\OpenGL\Header Files\Screen.h">
      <Filter>OpenGL\Header Files</Filter>
    </ClInclude>
    <ClInclude Include="..\OpenGL\Header Files\Shader.h">
      <Filter>OpenGL\Header Files</Filter>
    </ClInclude>
    <ClInclude Include="..\OpenGL\Header Files\Utility.h">
      <Filter>OpenGL\Header Files</Filter>
    </ClInclude>
    <ClInclude Include="..\OpenGL\Header Files\gl.h">
      <Filter>OpenGL\Header Files</Filter>
    </ClInclude>
    <ClInclude Include="..\OpenGL\Header Files\khrplatform.h">
      <Filter>OpenGL\Header Files</Filter>
    </ClInclude>
  </ItemGroup>
  <ItemGroup>
    <ClCompile Include="..\OpenGL\Source Files\Input.cpp">
      <Filter>OpenGL\Source Files</Filter>
    </ClCompile>
    <ClCompile Include="..\OpenGL\Source Files\Main.cpp">
      <Filter>OpenGL\Source Files</Filter>
    </ClCompile>
    <ClCompile Include="..\OpenGL\Source Files\Objects.cpp">
      <Filter>OpenGL\Source Files</Filter>
    </ClCompile>
    <ClCompile Include="..\OpenGL\Source Files\Screen.cpp">
      <Filter>OpenGL\Source Files</Filter>
    </ClCompile>
    <ClCompile Include="..\OpenGL\Source Files\Shader.cpp">
      <Filter>OpenGL\Source Files</Filter>
    </ClCompile>
    <ClCompile Include="..\OpenGL\Source Files\Utility.cpp">
      <Filter>OpenGL\Source Files</Filter>
    </ClCompile>
    <ClCompile Include="..\OpenGL\Source Files\gl.c">
      <Filter>OpenGL\Source Files</Filter>
    </ClCompile>
  </ItemGroup>
  <ItemGroup>
    <None Include="..\.gitattributes">
      <Filter>Docs</Filter>
    </None>
    <None Include="..\.gitignore">
      <Filter>Docs</Filter>
    </None>
    <None Include="..\OpenGL\Shader Files\RGB.frag">
      <Filter>OpenGL\Shader Files</Filter>
    </None>
    <None Include="..\OpenGL\Shader Files\RGB.vert">
      <Filter>OpenGL\Shader Files</Filter>
    </None>
    <None Include="..\OpenGL\Shader Files\Shader.frag">
      <Filter>OpenGL\Shader Files</Filter>
    </None>
    <None Include="..\OpenGL\Shader Files\Shader.vert">
      <Filter>OpenGL\Shader Files</Filter>
    </None>
    <None Include="..\README.md">
      <Filter>Docs</Filter>
    </None>
    <None Include="..\premake5.lua">
      <Filter>Docs</Filter>
    </None>
  </ItemGroup>
</Project>