<?xml version="1.0" encoding="utf-8"?>
<Project ToolsVersion="4.0" xmlns="http://schemas.microsoft.com/developer/msbuild/2003">
  <ItemGroup>
    <Filter Include="Headers">
      <UniqueIdentifier>{C196CD9C-2D76-4C38-368E-D70EA2ECB299}</UniqueIdentifier>
    </Filter>
    <Filter Include="OpenGL">
      <UniqueIdentifier>{8A864AC8-7628-759E-5FE3-88F24B24FCEE}</UniqueIdentifier>
    </Filter>
  </ItemGroup>
  <ItemGroup>
    <ClInclude Include="..\OpenGL\Input.h">
      <Filter>Headers</Filter>
    </ClInclude>
    <ClInclude Include="..\OpenGL\Objects.h">
      <Filter>Headers</Filter>
    </ClInclude>
    <ClInclude Include="..\OpenGL\Screen.h">
      <Filter>Headers</Filter>
    </ClInclude>
    <ClInclude Include="..\OpenGL\gl.h">
      <Filter>Headers</Filter>
    </ClInclude>
    <ClInclude Include="..\OpenGL\khrplatform.h">
      <Filter>Headers</Filter>
    </ClInclude>
    <ClInclude Include="..\OpenGL\Utility.h">
      <Filter>Headers</Filter>
    </ClInclude>
  </ItemGroup>
  <ItemGroup>
    <ClCompile Include="..\OpenGL\Input.cpp">
      <Filter>OpenGL</Filter>
    </ClCompile>
    <ClCompile Include="..\OpenGL\Main.cpp">
      <Filter>OpenGL</Filter>
    </ClCompile>
    <ClCompile Include="..\OpenGL\Objects.cpp">
      <Filter>OpenGL</Filter>
    </ClCompile>
    <ClCompile Include="..\OpenGL\Screen.cpp">
      <Filter>OpenGL</Filter>
    </ClCompile>
    <ClCompile Include="..\OpenGL\gl.c">
      <Filter>OpenGL</Filter>
    </ClCompile>
    <ClCompile Include="..\OpenGL\Utility.cpp">
      <Filter>OpenGL</Filter>
    </ClCompile>
  </ItemGroup>
</Project>